
Microsoft Visual Studio Solution File, Format Version 11.00
# Visual Studio 2010
Project("{FAE04EC0-301F-11D3-BF4B-00C04F79EFBC}") = "AltairStudios.Core", "AltairStudios.Core\AltairStudios.Core.csproj", "{C3553C85-5BC6-4014-BFA0-EDF72A2EBA59}"
EndProject
Project("{FAE04EC0-301F-11D3-BF4B-00C04F79EFBC}") = "Tests", "Tests\Tests.csproj", "{D395CFF1-5F52-45BB-9A31-40E2065838C5}"
EndProject
Global
	GlobalSection(SolutionConfigurationPlatforms) = preSolution
		Debug|Any CPU = Debug|Any CPU
		Release|Any CPU = Release|Any CPU
	EndGlobalSection
	GlobalSection(ProjectConfigurationPlatforms) = postSolution
		{C3553C85-5BC6-4014-BFA0-EDF72A2EBA59}.Debug|Any CPU.ActiveCfg = Debug|Any CPU
		{C3553C85-5BC6-4014-BFA0-EDF72A2EBA59}.Debug|Any CPU.Build.0 = Debug|Any CPU
		{C3553C85-5BC6-4014-BFA0-EDF72A2EBA59}.Release|Any CPU.ActiveCfg = Release|Any CPU
		{C3553C85-5BC6-4014-BFA0-EDF72A2EBA59}.Release|Any CPU.Build.0 = Release|Any CPU
		{D395CFF1-5F52-45BB-9A31-40E2065838C5}.Debug|Any CPU.ActiveCfg = Debug|Any CPU
		{D395CFF1-5F52-45BB-9A31-40E2065838C5}.Debug|Any CPU.Build.0 = Debug|Any CPU
		{D395CFF1-5F52-45BB-9A31-40E2065838C5}.Release|Any CPU.ActiveCfg = Release|Any CPU
		{D395CFF1-5F52-45BB-9A31-40E2065838C5}.Release|Any CPU.Build.0 = Release|Any CPU
		{2469D677-70C1-47AD-A17A-FA8EFC598507}.Debug|Any CPU.ActiveCfg = Debug|Any CPU
		{2469D677-70C1-47AD-A17A-FA8EFC598507}.Debug|Any CPU.Build.0 = Debug|Any CPU
		{2469D677-70C1-47AD-A17A-FA8EFC598507}.Release|Any CPU.ActiveCfg = Release|Any CPU
		{2469D677-70C1-47AD-A17A-FA8EFC598507}.Release|Any CPU.Build.0 = Release|Any CPU
	EndGlobalSection
	GlobalSection(MonoDevelopProperties) = preSolution
		StartupItem = Tests\Tests.csproj
		Policies = $0
		$0.DotNetNamingPolicy = $1
		$1.DirectoryNamespaceAssociation = PrefixedHierarchical
		$1.ResourceNamePolicy = FileFormatDefault
		version = 0.3
	EndGlobalSection
EndGlobal
